{
  "nodes": {
    "bufdelete-nvim": {
      "flake": false,
      "locked": {
        "lastModified": 1670152487,
        "narHash": "sha256-QRSGD0RJ0Jmee43ODr+d4JXEyMHo/UklpUyezGJqWyE=",
        "owner": "famiu",
        "repo": "bufdelete.nvim",
        "rev": "f79e9d186b42fba5f1b1362006e7c70240db97a4",
        "type": "github"
      },
      "original": {
        "owner": "famiu",
        "repo": "bufdelete.nvim",
        "type": "github"
      }
    },
    "chatgpt": {
      "flake": false,
      "locked": {
        "lastModified": 1678801636,
        "narHash": "sha256-wvO4lNMb+1AxyzwQ7InfG3QeRcoz4Mhc7JYpdWU38+s=",
        "owner": "jackMort",
        "repo": "ChatGPT.nvim",
        "rev": "3008b38171b3137448fe33c5edc1bba2641bfcad",
        "type": "github"
      },
      "original": {
        "owner": "jackMort",
        "repo": "ChatGPT.nvim",
        "type": "github"
      }
    },
    "cmp-buffer": {
      "flake": false,
      "locked": {
        "lastModified": 1660101488,
        "narHash": "sha256-dG4U7MtnXThoa/PD+qFtCt76MQ14V1wX8GMYcvxEnbM=",
        "owner": "hrsh7th",
        "repo": "cmp-buffer",
        "rev": "3022dbc9166796b644a841a02de8dd1cc1d311fa",
        "type": "github"
      },
      "original": {
        "owner": "hrsh7th",
        "repo": "cmp-buffer",
        "type": "github"
      }
    },
    "cmp-nvim-lsp": {
      "flake": false,
      "locked": {
        "lastModified": 1668566979,
        "narHash": "sha256-Mqkp8IH/laUx0cK7S0BjusTT+OtOOJOamZM4+93RHdU=",
        "owner": "hrsh7th",
        "repo": "cmp-nvim-lsp",
        "rev": "59224771f91b86d1de12570b4070fe4ad7cd1eeb",
        "type": "github"
      },
      "original": {
        "owner": "hrsh7th",
        "repo": "cmp-nvim-lsp",
        "type": "github"
      }
    },
    "cmp-path": {
      "flake": false,
      "locked": {
        "lastModified": 1664784283,
        "narHash": "sha256-thppiiV3wjIaZnAXmsh7j3DUc6ceSCvGzviwFUnoPaI=",
        "owner": "hrsh7th",
        "repo": "cmp-path",
        "rev": "91ff86cd9c29299a64f968ebb45846c485725f23",
        "type": "github"
      },
      "original": {
        "owner": "hrsh7th",
        "repo": "cmp-path",
        "type": "github"
      }
    },
    "cmp-treesitter": {
      "flake": false,
      "locked": {
        "lastModified": 1666995820,
        "narHash": "sha256-+dOqV9QqN+s1no8vfL6DNeFBc2dYyduQqAH5zVwm3Rw=",
        "owner": "ray-x",
        "repo": "cmp-treesitter",
        "rev": "b40178b780d547bcf131c684bc5fd41af17d05f2",
        "type": "github"
      },
      "original": {
        "owner": "ray-x",
        "repo": "cmp-treesitter",
        "type": "github"
      }
    },
    "cmp-vsnip": {
      "flake": false,
      "locked": {
        "lastModified": 1669100283,
        "narHash": "sha256-2mkN03noOr5vBvRbSb35xZKorSH+8savQNZtgM9+QcM=",
        "owner": "hrsh7th",
        "repo": "cmp-vsnip",
        "rev": "989a8a73c44e926199bfd05fa7a516d51f2d2752",
        "type": "github"
      },
      "original": {
        "owner": "hrsh7th",
        "repo": "cmp-vsnip",
        "type": "github"
      }
    },
    "copilot": {
      "flake": false,
      "locked": {
        "lastModified": 1671178263,
        "narHash": "sha256-rBGa483utS3+GqSrTJKNIJQJUpvCRq8vSvqwRr7c7MA=",
        "owner": "zbirenbaum",
        "repo": "copilot.lua",
        "rev": "1e7f64953636e9b2d1b0a0eade05cd7324c3edf1",
        "type": "github"
      },
      "original": {
        "owner": "zbirenbaum",
        "repo": "copilot.lua",
        "type": "github"
      }
    },
    "copilot-cmp": {
      "flake": false,
      "locked": {
        "lastModified": 1665606131,
        "narHash": "sha256-cU3WC5mEYh6pJFZ2ezV01dCq/FTtfAdpvLTRlVAzHqA=",
        "owner": "zbirenbaum",
        "repo": "copilot-cmp",
        "rev": "84d5a0e8e4d1638e7554899cb7b642fa24cf463f",
        "type": "github"
      },
      "original": {
        "owner": "zbirenbaum",
        "repo": "copilot-cmp",
        "type": "github"
      }
    },
    "crates-nvim": {
      "flake": false,
      "locked": {
        "lastModified": 1670466036,
        "narHash": "sha256-ilQCm44ssEDRByKFvtherJ/gQsdGrpXK/eb/0VdeVzM=",
        "owner": "Saecki",
        "repo": "crates.nvim",
        "rev": "22fcb7a623bab743fcae1532b272ae52a6e24fda",
        "type": "github"
      },
      "original": {
        "owner": "Saecki",
        "repo": "crates.nvim",
        "type": "github"
      }
    },
    "flake-utils": {
      "locked": {
        "lastModified": 1667395993,
        "narHash": "sha256-nuEHfE/LcWyuSWnS8t12N1wc105Qtau+/OdUAjtQ0rA=",
        "owner": "numtide",
        "repo": "flake-utils",
        "rev": "5aed5285a952e0b949eb3ba02c12fa4fcfef535f",
        "type": "github"
      },
      "original": {
        "owner": "numtide",
        "repo": "flake-utils",
        "type": "github"
      }
    },
    "flake-utils_2": {
      "locked": {
        "lastModified": 1667395993,
        "narHash": "sha256-nuEHfE/LcWyuSWnS8t12N1wc105Qtau+/OdUAjtQ0rA=",
        "owner": "numtide",
        "repo": "flake-utils",
        "rev": "5aed5285a952e0b949eb3ba02c12fa4fcfef535f",
        "type": "github"
      },
      "original": {
        "owner": "numtide",
        "repo": "flake-utils",
        "type": "github"
      }
    },
    "gitsigns-nvim": {
      "flake": false,
      "locked": {
        "lastModified": 1671461498,
        "narHash": "sha256-QsG4gYeHyabrb2XxwagHydXXA9C+5phRS52R0nJlRY4=",
        "owner": "lewis6991",
        "repo": "gitsigns.nvim",
        "rev": "2ab3bdf0a40bab53033048c6be75bda86316b55d",
        "type": "github"
      },
      "original": {
        "owner": "lewis6991",
        "repo": "gitsigns.nvim",
        "type": "github"
      }
    },
    "glow-nvim": {
      "flake": false,
      "locked": {
        "lastModified": 1669815579,
        "narHash": "sha256-rI9K5CXjF5J62HYhY3NBiLlos2lwdWOQ7f4XNEX/dH4=",
        "owner": "ellisonleao",
        "repo": "glow.nvim",
        "rev": "20d1cd087f8728f21a048a3b6259f6177237b39e",
        "type": "github"
      },
      "original": {
        "owner": "ellisonleao",
        "repo": "glow.nvim",
        "type": "github"
      }
    },
    "gruvbox": {
      "flake": false,
      "locked": {
        "lastModified": 1670867885,
        "narHash": "sha256-9a0BfiV6ApbqplyQK+yTjOtzUeFxJyqYCKwcypABHmE=",
        "owner": "ellisonleao",
        "repo": "gruvbox.nvim",
        "rev": "c64ec557672c9c8ecc71a438533525482021377f",
        "type": "github"
      },
      "original": {
        "owner": "ellisonleao",
        "repo": "gruvbox.nvim",
        "type": "github"
      }
    },
    "indent-blankline": {
      "flake": false,
      "locked": {
        "lastModified": 1670461953,
        "narHash": "sha256-BvRE4l10Ruz3j4JJwSAKuE9M3vd1blDbEHHlwIB2Vs0=",
        "owner": "lukas-reineke",
        "repo": "indent-blankline.nvim",
        "rev": "c4c203c3e8a595bc333abaf168fcb10c13ed5fb7",
        "type": "github"
      },
      "original": {
        "owner": "lukas-reineke",
        "repo": "indent-blankline.nvim",
        "type": "github"
      }
    },
    "kommentary": {
      "flake": false,
      "locked": {
        "lastModified": 1667741525,
        "narHash": "sha256-wP0ZIPvfbeWfP9MXnrPdFzzsqbrKXuL3L9v+kLNy3d4=",
        "owner": "b3nj5m1n",
        "repo": "kommentary",
        "rev": "981d56735ecc13e3c52b2d0cae269f5b9dcfe8ff",
        "type": "github"
      },
      "original": {
        "owner": "b3nj5m1n",
        "repo": "kommentary",
        "type": "github"
      }
    },
    "lazygit": {
      "flake": false,
      "locked": {
        "lastModified": 1667647478,
        "narHash": "sha256-xiV71zVBHvoC0SGCXAtsL3HA3XUkSDyD402G2E4Sicc=",
        "owner": "kdheepak",
        "repo": "lazygit.nvim",
        "rev": "32bffdebe273e571588f25c8a708ca7297928617",
        "type": "github"
      },
      "original": {
        "owner": "kdheepak",
        "repo": "lazygit.nvim",
        "type": "github"
      }
    },
    "leap": {
      "flake": false,
      "locked": {
        "lastModified": 1671015347,
        "narHash": "sha256-+GDBDN0xtReGxlkPI35/L+qDNzmBbcclSTziZBAu47Y=",
        "owner": "ggandor",
        "repo": "leap.nvim",
        "rev": "5e7e4462cc4b9e6a13e0f25b81d88d8b331cb29f",
        "type": "github"
      },
      "original": {
        "owner": "ggandor",
        "repo": "leap.nvim",
        "type": "github"
      }
    },
    "leap-ast": {
      "flake": false,
      "locked": {
        "lastModified": 1665424688,
        "narHash": "sha256-6ZbO0ND/JSoJVXSLNCfQzWgXoiUYJut2OGtAcpvPaMk=",
        "owner": "ggandor",
        "repo": "leap-ast.nvim",
        "rev": "1a21b70505ebb868a1e196c0d63797e1426b53a5",
        "type": "github"
      },
      "original": {
        "owner": "ggandor",
        "repo": "leap-ast.nvim",
        "type": "github"
      }
    },
    "leap-spooky": {
      "flake": false,
      "locked": {
        "lastModified": 1669116931,
        "narHash": "sha256-edIIKODuPy9OoHWLutEfjtpLS7kKizdmIsToVHavF2Y=",
        "owner": "ggandor",
        "repo": "leap-spooky.nvim",
        "rev": "748b2614e859704d8004e86be97401c9f3e28e80",
        "type": "github"
      },
      "original": {
        "owner": "ggandor",
        "repo": "leap-spooky.nvim",
        "type": "github"
      }
    },
    "lsp-signature": {
      "flake": false,
      "locked": {
        "lastModified": 1671144003,
        "narHash": "sha256-lC+HCY+byuUm6GrTOntHeOP8MuD0nqpUAI88G/N8jpk=",
        "owner": "ray-x",
        "repo": "lsp_signature.nvim",
        "rev": "e528f7313dc67aa1f8caa796a56232af5a569871",
        "type": "github"
      },
      "original": {
        "owner": "ray-x",
        "repo": "lsp_signature.nvim",
        "type": "github"
      }
    },
    "lspkind": {
      "flake": false,
      "locked": {
        "lastModified": 1663824370,
        "narHash": "sha256-WwUQ+O2rIfD4yl0GFx70GsZc9nnhS7b2KWfNdaXCLmM=",
        "owner": "onsails",
        "repo": "lspkind-nvim",
        "rev": "c68b3a003483cf382428a43035079f78474cd11e",
        "type": "github"
      },
      "original": {
        "owner": "onsails",
        "repo": "lspkind-nvim",
        "type": "github"
      }
    },
    "lspsaga": {
      "flake": false,
      "locked": {
        "lastModified": 1670360222,
        "narHash": "sha256-7ENInq3LAPPTdm0Fb7klOc630j8m4LRj1kLZZFYLh68=",
        "owner": "tami5",
        "repo": "lspsaga.nvim",
        "rev": "5faeec9f2508d2d49a66c0ac0d191096b4e3fa81",
        "type": "github"
      },
      "original": {
        "owner": "tami5",
        "repo": "lspsaga.nvim",
        "type": "github"
      }
    },
    "lualine": {
      "flake": false,
      "locked": {
        "lastModified": 1669646907,
        "narHash": "sha256-DiSbSGfCe8h/7Bu48jbYQfwFXhlHmJnGG5R6oBG4JPs=",
        "owner": "hoob3rt",
        "repo": "lualine.nvim",
        "rev": "bfa0d99ba6f98d077dd91779841f1c88b7b5c165",
        "type": "github"
      },
      "original": {
        "owner": "hoob3rt",
        "repo": "lualine.nvim",
        "type": "github"
      }
    },
    "lualine-lsp-progress": {
      "flake": false,
      "locked": {
        "lastModified": 1634947677,
        "narHash": "sha256-8HMtydFDzTxsuKvce+bIra9vZ9zHfEBHyR346W635b8=",
        "owner": "arkav",
        "repo": "lualine-lsp-progress",
        "rev": "56842d097245a08d77912edf5f2a69ba29f275d7",
        "type": "github"
      },
      "original": {
        "owner": "arkav",
        "repo": "lualine-lsp-progress",
        "type": "github"
      }
    },
    "nil": {
      "inputs": {
        "flake-utils": "flake-utils_2",
        "nixpkgs": "nixpkgs",
        "rust-overlay": "rust-overlay"
      },
      "locked": {
        "lastModified": 1670595719,
        "narHash": "sha256-9jvA0QdcZtGWImiRZ8KRhXNsy5NxgZBm0TXtNLmFbyM=",
        "owner": "oxalica",
        "repo": "nil",
        "rev": "1c122ae707c6365ea731565daf307844df03e95e",
        "type": "github"
      },
      "original": {
        "owner": "oxalica",
        "repo": "nil",
        "type": "github"
      }
    },
    "nixpkgs": {
      "locked": {
        "lastModified": 1670559856,
        "narHash": "sha256-xUkgQRFqE6HIFQXs9SIXMZiXcLaH2415UR6w/FnsgcY=",
        "owner": "nixos",
        "repo": "nixpkgs",
        "rev": "6bc6f77cb171a74001033d94f17f49043a9f1804",
        "type": "github"
      },
      "original": {
        "owner": "nixos",
        "ref": "nixpkgs-unstable",
        "repo": "nixpkgs",
        "type": "github"
      }
    },
    "nixpkgs_2": {
      "locked": {
        "lastModified": 1671190014,
        "narHash": "sha256-NW385LW4Nj53Hbv3LXr458s4NL2/wcARC8rzK7vSWkw=",
        "owner": "nixos",
        "repo": "nixpkgs",
        "rev": "fbcb61bd7eb19914cbd88789c3586a63ff46b72b",
        "type": "github"
      },
      "original": {
        "owner": "nixos",
        "ref": "nixpkgs-unstable",
        "repo": "nixpkgs",
        "type": "github"
      }
    },
    "nui": {
      "flake": false,
      "locked": {
        "lastModified": 1677566469,
        "narHash": "sha256-xHpNGJ8ikTMiWHAtqaZg5IVKSngH/k0LN7WaOHl2iz8=",
        "owner": "MunifTanjim",
        "repo": "nui.nvim",
        "rev": "0dc148c6ec06577fcf06cbab3b7dac96d48ba6be",
        "type": "github"
      },
      "original": {
        "owner": "MunifTanjim",
        "repo": "nui.nvim",
        "type": "github"
      }
    },
    "null-ls": {
      "flake": false,
      "locked": {
        "lastModified": 1671050150,
        "narHash": "sha256-W9VvDvzabFmfntlwg43nhAXg9tB5LDAL9JvILxvRZm0=",
        "owner": "jose-elias-alvarez",
        "repo": "null-ls.nvim",
        "rev": "5d8e925d31d8ef8462832308c016ac4ace17597a",
        "type": "github"
      },
      "original": {
        "owner": "jose-elias-alvarez",
        "repo": "null-ls.nvim",
        "type": "github"
      }
    },
    "nvim-autopairs": {
      "flake": false,
      "locked": {
        "lastModified": 1670379065,
        "narHash": "sha256-JQlmQy3KEXuZEZPhX4d2pFi5RqVNeRVJaUOI9KrVR0s=",
        "owner": "windwp",
        "repo": "nvim-autopairs",
        "rev": "9fa996123031b4cad100bd5afad04384a622c8a7",
        "type": "github"
      },
      "original": {
        "owner": "windwp",
        "repo": "nvim-autopairs",
        "type": "github"
      }
    },
    "nvim-bufferline-lua": {
      "flake": false,
      "locked": {
        "lastModified": 1666171880,
        "narHash": "sha256-hueIGT7KOhca0kP0M1nUYzBrzMz+DpuZSOt5iyuEa40=",
        "owner": "akinsho",
        "repo": "nvim-bufferline.lua",
        "rev": "e70be6232f632d16d2412b1faf85554285036278",
        "type": "github"
      },
      "original": {
        "owner": "akinsho",
        "ref": "v3.0.1",
        "repo": "nvim-bufferline.lua",
        "type": "github"
      }
    },
    "nvim-cmp": {
      "flake": false,
      "locked": {
        "lastModified": 1671103622,
        "narHash": "sha256-heftWvwb/FpOpNCWqf9KgXyy11G30UMaOlUp86/eq9E=",
        "owner": "hrsh7th",
        "repo": "nvim-cmp",
        "rev": "8bbaeda725d5db6e4e1be2867a64b43bf547cf06",
        "type": "github"
      },
      "original": {
        "owner": "hrsh7th",
        "repo": "nvim-cmp",
        "type": "github"
      }
    },
    "nvim-code-action-menu": {
      "flake": false,
      "locked": {
        "lastModified": 1671007390,
        "narHash": "sha256-E02i2ldg7ZF1zNFo/NN1bSjddIXspTvSvGG9s68Il50=",
        "owner": "weilbith",
        "repo": "nvim-code-action-menu",
        "rev": "885105039b30f90096e5cc3b09e2fac9316604a8",
        "type": "github"
      },
      "original": {
        "owner": "weilbith",
        "repo": "nvim-code-action-menu",
        "type": "github"
      }
    },
    "nvim-compe": {
      "flake": false,
      "locked": {
        "lastModified": 1633188506,
        "narHash": "sha256-Y2oqvsuAKM3qjmmtJVD9z34682eCRF25kPL+rxhhg7I=",
        "owner": "hrsh7th",
        "repo": "nvim-compe",
        "rev": "d186d739c54823e0b010feb205c6f97792322c08",
        "type": "github"
      },
      "original": {
        "owner": "hrsh7th",
        "repo": "nvim-compe",
        "type": "github"
      }
    },
    "nvim-cursorline": {
      "flake": false,
      "locked": {
        "lastModified": 1650034925,
        "narHash": "sha256-Uhw65p1KBjs8KsVOmTzuiu3XKclxBob8AVdWEt30C/8=",
        "owner": "yamatsum",
        "repo": "nvim-cursorline",
        "rev": "804f0023692653b2b2368462d67d2a87056947f9",
        "type": "github"
      },
      "original": {
        "owner": "yamatsum",
        "repo": "nvim-cursorline",
        "type": "github"
      }
    },
    "nvim-lightbulb": {
      "flake": false,
      "locked": {
        "lastModified": 1661474119,
        "narHash": "sha256-nw6H/dS4dHdrobnrfJVa8urWrMnbTWrA5bQJy9xbKXY=",
        "owner": "kosayoda",
        "repo": "nvim-lightbulb",
        "rev": "56b9ce31ec9d09d560fe8787c0920f76bc208297",
        "type": "github"
      },
      "original": {
        "owner": "kosayoda",
        "repo": "nvim-lightbulb",
        "type": "github"
      }
    },
    "nvim-lspconfig": {
      "flake": false,
      "locked": {
        "lastModified": 1671149856,
        "narHash": "sha256-oFQknQ03UBXrpWelfTZdnAdnkNMTG0SOyJEmKYaQtac=",
        "owner": "neovim",
        "repo": "nvim-lspconfig",
        "rev": "e95c12cea141632d3502fad4fb1c9260a91a65f4",
        "type": "github"
      },
      "original": {
        "owner": "neovim",
        "repo": "nvim-lspconfig",
        "type": "github"
      }
    },
    "nvim-neoclip": {
      "flake": false,
      "locked": {
        "lastModified": 1665642610,
        "narHash": "sha256-71rPSi399WnHOebIQJnhjBzLRpi8n0EpXckjrmCOvKc=",
        "owner": "AckslD",
        "repo": "nvim-neoclip.lua",
        "rev": "3e0b9a134838c7356d743f84a272c92410c47d8d",
        "type": "github"
      },
      "original": {
        "owner": "AckslD",
        "repo": "nvim-neoclip.lua",
        "type": "github"
      }
    },
    "nvim-tree-lua": {
      "flake": false,
      "locked": {
        "lastModified": 1671165309,
        "narHash": "sha256-MZnuAmMUwj85YvxY58NoXx6XCfkJz/6kkZ8708CTSi8=",
        "owner": "kyazdani42",
        "repo": "nvim-tree.lua",
        "rev": "87409bb4afd0093193e1364faa47327fbfdfca87",
        "type": "github"
      },
      "original": {
        "owner": "kyazdani42",
        "repo": "nvim-tree.lua",
        "type": "github"
      }
    },
    "nvim-treesitter": {
      "flake": false,
      "locked": {
        "lastModified": 1671181041,
        "narHash": "sha256-WbhVmO6SljQByaOYOJXidGaOz7+MZzq/U1x9f2im06Q=",
        "owner": "nvim-treesitter",
        "repo": "nvim-treesitter",
        "rev": "36c6826274ac85e04558e875a30e82aca676e3fe",
        "type": "github"
      },
      "original": {
        "owner": "nvim-treesitter",
        "repo": "nvim-treesitter",
        "type": "github"
      }
    },
    "nvim-treesitter-context": {
      "flake": false,
      "locked": {
        "lastModified": 1652175020,
        "narHash": "sha256-dYw/Y6+Eni7gTSjvCCl7E6ho8xSTxDYAwH3xGEhf54Q=",
        "owner": "lewis6991",
        "repo": "nvim-treesitter-context",
        "rev": "c931a3136a696c1827eda78ac678aea542115bd0",
        "type": "github"
      },
      "original": {
        "owner": "lewis6991",
        "repo": "nvim-treesitter-context",
        "type": "github"
      }
    },
    "nvim-ts-autotag": {
      "flake": false,
      "locked": {
        "lastModified": 1660219579,
        "narHash": "sha256-ltGiYNXWpWSI5RrWTVR+k6SZjcZbsHtH5m9uHTMKnzM=",
        "owner": "windwp",
        "repo": "nvim-ts-autotag",
        "rev": "fdefe46c6807441460f11f11a167a2baf8e4534b",
        "type": "github"
      },
      "original": {
        "owner": "windwp",
        "repo": "nvim-ts-autotag",
        "type": "github"
      }
    },
    "nvim-web-devicons": {
      "flake": false,
      "locked": {
        "lastModified": 1670623994,
        "narHash": "sha256-X2CM/CjBS5RCKVsepbOnmmYveYNjssaMm8uo92u2o6w=",
        "owner": "kyazdani42",
        "repo": "nvim-web-devicons",
        "rev": "05e1072f63f6c194ac6e867b567e6b437d3d4622",
        "type": "github"
      },
      "original": {
        "owner": "kyazdani42",
        "repo": "nvim-web-devicons",
        "type": "github"
      }
    },
    "onedark": {
      "flake": false,
      "locked": {
        "lastModified": 1669609089,
        "narHash": "sha256-W4q1YGNOlZoMsAHmiLqX+9FyvCainVmaKtEnkrNgQXQ=",
        "owner": "navarasu",
        "repo": "onedark.nvim",
        "rev": "89dde4963ad198c9b6144dee3d5e8bcbb7559ddc",
        "type": "github"
      },
      "original": {
        "owner": "navarasu",
        "repo": "onedark.nvim",
        "type": "github"
      }
    },
    "plenary-nvim": {
      "flake": false,
      "locked": {
        "lastModified": 1664607953,
        "narHash": "sha256-lIdBrVpi+vUudeotjFAuw4C0VT8TPoFE9cVVAQEsAYU=",
        "owner": "nvim-lua",
        "repo": "plenary.nvim",
        "rev": "4b7e52044bbb84242158d977a50c4cbcd85070c7",
        "type": "github"
      },
      "original": {
        "owner": "nvim-lua",
        "repo": "plenary.nvim",
        "type": "github"
      }
    },
    "registers": {
      "flake": false,
      "locked": {
        "lastModified": 1671111037,
        "narHash": "sha256-puQwsmi07lLgBDvo7lqHH+sr4ePzgrStD+4Zqya6VUg=",
        "owner": "tversteeg",
        "repo": "registers.nvim",
        "rev": "667ae447d2c7efb64461a2c58f5311d1248cdb5f",
        "type": "github"
      },
      "original": {
        "owner": "tversteeg",
        "repo": "registers.nvim",
        "type": "github"
      }
    },
    "root": {
      "inputs": {
        "bufdelete-nvim": "bufdelete-nvim",
        "chatgpt": "chatgpt",
        "cmp-buffer": "cmp-buffer",
        "cmp-nvim-lsp": "cmp-nvim-lsp",
        "cmp-path": "cmp-path",
        "cmp-treesitter": "cmp-treesitter",
        "cmp-vsnip": "cmp-vsnip",
        "copilot": "copilot",
        "copilot-cmp": "copilot-cmp",
        "crates-nvim": "crates-nvim",
        "flake-utils": "flake-utils",
        "gitsigns-nvim": "gitsigns-nvim",
        "glow-nvim": "glow-nvim",
        "gruvbox": "gruvbox",
        "indent-blankline": "indent-blankline",
        "kommentary": "kommentary",
        "lazygit": "lazygit",
        "leap": "leap",
        "leap-ast": "leap-ast",
        "leap-spooky": "leap-spooky",
        "lsp-signature": "lsp-signature",
        "lspkind": "lspkind",
        "lspsaga": "lspsaga",
        "lualine": "lualine",
        "lualine-lsp-progress": "lualine-lsp-progress",
        "nil": "nil",
        "nixpkgs": "nixpkgs_2",
        "nui": "nui",
        "null-ls": "null-ls",
        "nvim-autopairs": "nvim-autopairs",
        "nvim-bufferline-lua": "nvim-bufferline-lua",
        "nvim-cmp": "nvim-cmp",
        "nvim-code-action-menu": "nvim-code-action-menu",
        "nvim-compe": "nvim-compe",
        "nvim-cursorline": "nvim-cursorline",
        "nvim-lightbulb": "nvim-lightbulb",
        "nvim-lspconfig": "nvim-lspconfig",
        "nvim-neoclip": "nvim-neoclip",
        "nvim-tree-lua": "nvim-tree-lua",
        "nvim-treesitter": "nvim-treesitter",
        "nvim-treesitter-context": "nvim-treesitter-context",
        "nvim-ts-autotag": "nvim-ts-autotag",
        "nvim-web-devicons": "nvim-web-devicons",
        "onedark": "onedark",
        "plenary-nvim": "plenary-nvim",
        "registers": "registers",
        "rust-tools": "rust-tools",
        "sqls-nvim": "sqls-nvim",
        "telescope": "telescope",
        "todo-comments": "todo-comments",
        "tokyonight": "tokyonight",
        "trouble": "trouble",
        "vim-vsnip": "vim-vsnip",
        "which-key": "which-key"
      }
    },
    "rust-overlay": {
      "inputs": {
        "flake-utils": [
          "nil",
          "flake-utils"
        ],
        "nixpkgs": [
          "nil",
          "nixpkgs"
        ]
      },
      "locked": {
        "lastModified": 1670552927,
        "narHash": "sha256-lCE51eAGrAFS4k9W5aDGFpVtOAwQQ/rFMN80PCDh0vo=",
        "owner": "oxalica",
        "repo": "rust-overlay",
        "rev": "a0fdafd18c9cf599fde17fbaf07dbb20fa57eecb",
        "type": "github"
      },
      "original": {
        "owner": "oxalica",
        "repo": "rust-overlay",
        "type": "github"
      }
    },
    "rust-tools": {
      "flake": false,
      "locked": {
        "lastModified": 1667710081,
        "narHash": "sha256-7lmLg2ePoeBMHewfgRAt79HMNAF3HWns1PKTe46cJXk=",
        "owner": "simrat39",
        "repo": "rust-tools.nvim",
        "rev": "99fd1238c6068d0637df30b6cee9a264334015e9",
        "type": "github"
      },
      "original": {
        "owner": "simrat39",
        "repo": "rust-tools.nvim",
        "type": "github"
      }
    },
    "sqls-nvim": {
      "flake": false,
      "locked": {
        "lastModified": 1657291129,
        "narHash": "sha256-tatUEAI8EVXDYQPAAZ5+38YOPWb8Ei9VHCzHp+AyRjc=",
        "owner": "nanotee",
        "repo": "sqls.nvim",
        "rev": "a0048b7018c99b68456f91b4aa42ce288f0c0774",
        "type": "github"
      },
      "original": {
        "owner": "nanotee",
        "repo": "sqls.nvim",
        "type": "github"
      }
    },
    "telescope": {
      "flake": false,
      "locked": {
        "lastModified": 1669979094,
        "narHash": "sha256-5UgCqnDs4iubnq7gER1wC8Mk9UZuo8cWqDB8ZbyGCRI=",
        "owner": "nvim-telescope",
        "repo": "telescope.nvim",
        "rev": "cabf991b1d3996fa6f3232327fc649bbdf676496",
        "type": "github"
      },
      "original": {
        "owner": "nvim-telescope",
        "repo": "telescope.nvim",
        "type": "github"
      }
    },
    "todo-comments": {
      "flake": false,
      "locked": {
        "lastModified": 1671040364,
        "narHash": "sha256-5BiXbxdoRQh83XE7zherFJmj238odr5kR5Yl7hbo9mQ=",
        "owner": "folke",
        "repo": "todo-comments.nvim",
        "rev": "c1760010f46992165995aaa52ca967f473a2e8e6",
        "type": "github"
      },
      "original": {
        "owner": "folke",
        "repo": "todo-comments.nvim",
        "type": "github"
      }
    },
    "tokyonight": {
      "flake": false,
      "locked": {
        "lastModified": 1671213701,
        "narHash": "sha256-h7qHIl6xByWRA9DX8wOjEQU5GQmNSd/Kb0R01jEogSE=",
        "owner": "folke",
        "repo": "tokyonight.nvim",
        "rev": "14ab22b51d0f54de3402bd706e9e91836de39a92",
        "type": "github"
      },
      "original": {
        "owner": "folke",
        "repo": "tokyonight.nvim",
        "type": "github"
      }
    },
    "trouble": {
      "flake": false,
      "locked": {
        "lastModified": 1668579978,
        "narHash": "sha256-8IJB4cIT85GkManiRSelGEMGudnGwZ5Vr+CJwTv40SY=",
        "owner": "folke",
        "repo": "trouble.nvim",
        "rev": "897542f90050c3230856bc6e45de58b94c700bbf",
        "type": "github"
      },
      "original": {
        "owner": "folke",
        "repo": "trouble.nvim",
        "type": "github"
      }
    },
    "vim-vsnip": {
      "flake": false,
      "locked": {
        "lastModified": 1669782539,
        "narHash": "sha256-eGkr/hWw5NTBFTOSl1i9MT0Da+IOINyT0P2MmLuuJKg=",
        "owner": "hrsh7th",
        "repo": "vim-vsnip",
        "rev": "e44026b5394fd79aa0f2118aaf41627ef9c354ee",
        "type": "github"
      },
      "original": {
        "owner": "hrsh7th",
        "repo": "vim-vsnip",
        "type": "github"
      }
    },
    "which-key": {
      "flake": false,
      "locked": {
        "lastModified": 1666956294,
        "narHash": "sha256-IbJP6j+M+POPhX4YbewTJiSoELvDo6y+vF0RREqqm4c=",
        "owner": "folke",
        "repo": "which-key.nvim",
        "rev": "61553aeb3d5ca8c11eea8be6eadf478062982ac9",
        "type": "github"
      },
      "original": {
        "owner": "folke",
        "repo": "which-key.nvim",
        "type": "github"
      }
    }
  },
  "root": "root",
  "version": 7
}
